
Microsoft Visual Studio Solution File, Format Version 12.00
# Visual Studio Version 16
VisualStudioVersion = 16.0.28803.156
MinimumVisualStudioVersion = 10.0.40219.1
Project("{2150E333-8FDC-42A3-9474-1A3956D46DE8}") = "Solution Items", "Solution Items", "{BC67B278-DA35-44ED-BC8F-26A4BCA09AEA}"
	ProjectSection(SolutionItems) = preProject
		..\..\.editorconfig = ..\..\.editorconfig
		.gitattributes = .gitattributes
		.gitignore = .gitignore
		Grammar.ebnf = Grammar.ebnf
		LICENSE = LICENSE
		README.md = README.md
		RuleSet.ruleset = RuleSet.ruleset
	EndProjectSection
EndProject
Project("{9A19103F-16F7-4668-BE54-9A1E7A4F7556}") = "Calculator", "Calculator\Calculator.csproj", "{95728EDD-A0D9-4FFA-BC1B-95F79311F303}"
EndProject
Project("{9A19103F-16F7-4668-BE54-9A1E7A4F7556}") = "Calculator.CLI", "Calculator.CLI\Calculator.CLI.csproj", "{77A3BF53-0C9E-4D65-AAAA-F05E3A0AFF24}"
EndProject
Project("{9A19103F-16F7-4668-BE54-9A1E7A4F7556}") = "Calculator.Tests", "Calculator.Tests\Calculator.Tests.csproj", "{ECE41407-2FB1-4739-A242-60A525424D4B}"
EndProject
Project("{9A19103F-16F7-4668-BE54-9A1E7A4F7556}") = "Calculator.UI", "Calculator.UI\Calculator.UI.csproj", "{E873C818-DE5A-4938-BA9D-0D62A7461F96}"
EndProject
Project("{9A19103F-16F7-4668-BE54-9A1E7A4F7556}") = "Calculator.Benchmark", "Calculator.Benchmark\Calculator.Benchmark.csproj", "{770ADB5B-0AED-4366-A8CB-40658BDF3452}"
EndProject
Global
	GlobalSection(SolutionConfigurationPlatforms) = preSolution
		Debug|Any CPU = Debug|Any CPU
		Release|Any CPU = Release|Any CPU
	EndGlobalSection
	GlobalSection(ProjectConfigurationPlatforms) = postSolution
		{95728EDD-A0D9-4FFA-BC1B-95F79311F303}.Debug|Any CPU.ActiveCfg = Debug|Any CPU
		{95728EDD-A0D9-4FFA-BC1B-95F79311F303}.Debug|Any CPU.Build.0 = Debug|Any CPU
		{95728EDD-A0D9-4FFA-BC1B-95F79311F303}.Release|Any CPU.ActiveCfg = Release|Any CPU
		{95728EDD-A0D9-4FFA-BC1B-95F79311F303}.Release|Any CPU.Build.0 = Release|Any CPU
		{77A3BF53-0C9E-4D65-AAAA-F05E3A0AFF24}.Debug|Any CPU.ActiveCfg = Debug|Any CPU
		{77A3BF53-0C9E-4D65-AAAA-F05E3A0AFF24}.Debug|Any CPU.Build.0 = Debug|Any CPU
		{77A3BF53-0C9E-4D65-AAAA-F05E3A0AFF24}.Release|Any CPU.ActiveCfg = Release|Any CPU
		{77A3BF53-0C9E-4D65-AAAA-F05E3A0AFF24}.Release|Any CPU.Build.0 = Release|Any CPU
		{ECE41407-2FB1-4739-A242-60A525424D4B}.Debug|Any CPU.ActiveCfg = Debug|Any CPU
		{ECE41407-2FB1-4739-A242-60A525424D4B}.Debug|Any CPU.Build.0 = Debug|Any CPU
		{ECE41407-2FB1-4739-A242-60A525424D4B}.Release|Any CPU.ActiveCfg = Release|Any CPU
		{ECE41407-2FB1-4739-A242-60A525424D4B}.Release|Any CPU.Build.0 = Release|Any CPU
		{E873C818-DE5A-4938-BA9D-0D62A7461F96}.Debug|Any CPU.ActiveCfg = Debug|Any CPU
		{E873C818-DE5A-4938-BA9D-0D62A7461F96}.Debug|Any CPU.Build.0 = Debug|Any CPU
		{E873C818-DE5A-4938-BA9D-0D62A7461F96}.Release|Any CPU.ActiveCfg = Release|Any CPU
		{E873C818-DE5A-4938-BA9D-0D62A7461F96}.Release|Any CPU.Build.0 = Release|Any CPU
		{770ADB5B-0AED-4366-A8CB-40658BDF3452}.Debug|Any CPU.ActiveCfg = Debug|Any CPU
		{770ADB5B-0AED-4366-A8CB-40658BDF3452}.Debug|Any CPU.Build.0 = Debug|Any CPU
		{770ADB5B-0AED-4366-A8CB-40658BDF3452}.Release|Any CPU.ActiveCfg = Release|Any CPU
		{770ADB5B-0AED-4366-A8CB-40658BDF3452}.Release|Any CPU.Build.0 = Release|Any CPU
	EndGlobalSection
	GlobalSection(SolutionProperties) = preSolution
		HideSolutionNode = FALSE
	EndGlobalSection
	GlobalSection(ExtensibilityGlobals) = postSolution
		SolutionGuid = {F9D337E3-61A6-4093-9204-8FF198242DCE}
	EndGlobalSection
EndGlobal
